{
  "nodes": {
    "data_expunged": {
      "inputs": {
        "flake-compat": "flake-compat",
        "flake-utils": "flake-utils",
        "naersk": "naersk",
        "nixpkgs": [
          "nixpkgs"
        ],
        "rust-overlay": "rust-overlay"
      },
      "locked": {
        "lastModified": 1627395059,
        "narHash": "sha256-jirlFZFVmGmjd+4rQJmM2uH09J6yS01hDA3yV3RkNFQ=",
        "owner": "BlaseballCrabs",
        "repo": "data_expunged",
        "rev": "13aee73f148ac749b2ca46bf3bcca184e8d066bc",
        "type": "github"
      },
      "original": {
        "owner": "BlaseballCrabs",
        "repo": "data_expunged",
        "type": "github"
      }
    },
    "flake-compat": {
      "flake": false,
      "locked": {
        "lastModified": 1606424373,
        "narHash": "sha256-oq8d4//CJOrVj+EcOaSXvMebvuTkmBJuT5tzlfewUnQ=",
        "owner": "edolstra",
        "repo": "flake-compat",
        "rev": "99f1c2157fba4bfe6211a321fd0ee43199025dbf",
        "type": "github"
      },
      "original": {
        "owner": "edolstra",
        "repo": "flake-compat",
        "type": "github"
      }
    },
    "flake-compat_2": {
      "flake": false,
      "locked": {
        "lastModified": 1606424373,
        "narHash": "sha256-oq8d4//CJOrVj+EcOaSXvMebvuTkmBJuT5tzlfewUnQ=",
        "owner": "edolstra",
        "repo": "flake-compat",
        "rev": "99f1c2157fba4bfe6211a321fd0ee43199025dbf",
        "type": "github"
      },
      "original": {
        "owner": "edolstra",
        "repo": "flake-compat",
        "type": "github"
      }
    },
    "flake-utils": {
      "locked": {
        "lastModified": 1620759905,
        "narHash": "sha256-WiyWawrgmyN0EdmiHyG2V+fqReiVi8bM9cRdMaKQOFg=",
        "owner": "numtide",
        "repo": "flake-utils",
        "rev": "b543720b25df6ffdfcf9227afafc5b8c1fabfae8",
        "type": "github"
      },
      "original": {
        "owner": "numtide",
        "repo": "flake-utils",
        "type": "github"
      }
    },
    "flake-utils_2": {
      "locked": {
        "lastModified": 1614513358,
        "narHash": "sha256-LakhOx3S1dRjnh0b5Dg3mbZyH0ToC9I8Y2wKSkBaTzU=",
        "owner": "numtide",
        "repo": "flake-utils",
        "rev": "5466c5bbece17adaab2d82fae80b46e807611bf3",
        "type": "github"
      },
      "original": {
        "owner": "numtide",
        "repo": "flake-utils",
        "type": "github"
      }
    },
    "flake-utils_3": {
      "locked": {
        "lastModified": 1642700792,
        "narHash": "sha256-XqHrk7hFb+zBvRg6Ghl+AZDq03ov6OshJLiSWOoX5es=",
        "owner": "numtide",
        "repo": "flake-utils",
        "rev": "846b2ae0fc4cc943637d3d1def4454213e203cba",
        "type": "github"
      },
      "original": {
        "owner": "numtide",
        "repo": "flake-utils",
        "type": "github"
      }
    },
    "flake-utils_4": {
      "locked": {
        "lastModified": 1610051610,
        "narHash": "sha256-U9rPz/usA1/Aohhk7Cmc2gBrEEKRzcW4nwPWMPwja4Y=",
        "owner": "numtide",
        "repo": "flake-utils",
        "rev": "3982c9903e93927c2164caa727cd3f6a0e6d14cc",
        "type": "github"
      },
      "original": {
        "owner": "numtide",
        "repo": "flake-utils",
        "type": "github"
      }
    },
    "flake-utils_5": {
      "locked": {
        "lastModified": 1614513358,
        "narHash": "sha256-LakhOx3S1dRjnh0b5Dg3mbZyH0ToC9I8Y2wKSkBaTzU=",
        "owner": "numtide",
        "repo": "flake-utils",
        "rev": "5466c5bbece17adaab2d82fae80b46e807611bf3",
        "type": "github"
      },
      "original": {
        "owner": "numtide",
        "repo": "flake-utils",
        "type": "github"
      }
    },
    "flake-utils_6": {
      "locked": {
        "lastModified": 1623875721,
        "narHash": "sha256-A8BU7bjS5GirpAUv4QA+QnJ4CceLHkcXdRp4xITDB0s=",
        "owner": "numtide",
        "repo": "flake-utils",
        "rev": "f7e004a55b120c02ecb6219596820fcd32ca8772",
        "type": "github"
      },
      "original": {
        "owner": "numtide",
        "repo": "flake-utils",
        "type": "github"
      }
    },
    "flake-utils_7": {
      "locked": {
        "lastModified": 1623875721,
        "narHash": "sha256-A8BU7bjS5GirpAUv4QA+QnJ4CceLHkcXdRp4xITDB0s=",
        "owner": "numtide",
        "repo": "flake-utils",
        "rev": "f7e004a55b120c02ecb6219596820fcd32ca8772",
        "type": "github"
      },
      "original": {
        "owner": "numtide",
        "repo": "flake-utils",
        "type": "github"
      }
    },
    "flake-utils_8": {
      "locked": {
        "lastModified": 1610051610,
        "narHash": "sha256-U9rPz/usA1/Aohhk7Cmc2gBrEEKRzcW4nwPWMPwja4Y=",
        "owner": "numtide",
        "repo": "flake-utils",
        "rev": "3982c9903e93927c2164caa727cd3f6a0e6d14cc",
        "type": "github"
      },
      "original": {
        "owner": "numtide",
        "repo": "flake-utils",
        "type": "github"
      }
    },
    "hauntbot": {
      "inputs": {
        "flake-compat": "flake-compat_2",
        "flake-utils": "flake-utils_4",
        "naersk": "naersk_2",
        "nixpkgs": [
          "nixpkgs"
        ],
        "rust-overlay": "rust-overlay_2"
      },
      "locked": {
        "lastModified": 1625095718,
        "narHash": "sha256-0D2PsVpn2BK0b5nYcNUDX4imEKtfe91Mqxn2CmOnuB4=",
        "owner": "BlaseballCrabs",
        "repo": "hauntbot",
        "rev": "5b1aba40f441612c4b096914a1181a8efcc1d9b3",
        "type": "github"
      },
      "original": {
        "owner": "BlaseballCrabs",
        "repo": "hauntbot",
        "type": "github"
      }
    },
    "home-manager": {
      "inputs": {
        "nixpkgs": [
          "nixpkgs"
        ]
      },
      "locked": {
        "lastModified": 1643933536,
        "narHash": "sha256-yRmsWAG4DnLxLIUtlaZsl0kH7rN5xSoyNRlf0YZrcH4=",
        "owner": "nix-community",
        "repo": "home-manager",
        "rev": "2860d7e3bb350f18f7477858f3513f9798896831",
        "type": "github"
      },
      "original": {
        "owner": "nix-community",
        "ref": "release-21.11",
        "repo": "home-manager",
        "type": "github"
      }
    },
    "mpdiscord": {
      "inputs": {
        "flake-utils": "flake-utils_6",
        "naersk": "naersk_3",
        "nixpkgs": [
          "nixpkgs"
        ],
        "rust-overlay": "rust-overlay_3"
      },
      "locked": {
        "lastModified": 1636840702,
        "narHash": "sha256-UmGCkhnSlB1PM3BrQTMh5LHlPO2417AtLScmgW7drw8=",
        "owner": "leo60228",
        "repo": "mpdiscord",
        "rev": "46db379ad83b0f21d4bca9a59fe8f118bad2f3c0",
        "type": "github"
      },
      "original": {
        "owner": "leo60228",
        "repo": "mpdiscord",
        "type": "github"
      }
    },
    "naersk": {
      "inputs": {
        "nixpkgs": "nixpkgs"
      },
      "locked": {
        "lastModified": 1620316130,
        "narHash": "sha256-sU0VS5oJS1FsHsZsLELAXc7G2eIelVuucRw+q5B1x9k=",
        "owner": "nmattia",
        "repo": "naersk",
        "rev": "a3f40fe42cc6d267ff7518fa3199e99ff1444ac4",
        "type": "github"
      },
      "original": {
        "owner": "nmattia",
        "repo": "naersk",
        "type": "github"
      }
    },
    "naersk_2": {
      "inputs": {
        "nixpkgs": "nixpkgs_3"
      },
      "locked": {
        "lastModified": 1613655351,
        "narHash": "sha256-BLBnt3BYsh92qKgqZljckM9s5sZUt30cBQF5b/5pVCU=",
        "owner": "nmattia",
        "repo": "naersk",
        "rev": "1a9e5ddc51bc44c1bf872e02fe2702dc40e8af48",
        "type": "github"
      },
      "original": {
        "owner": "nmattia",
        "repo": "naersk",
        "type": "github"
      }
    },
    "naersk_3": {
      "inputs": {
        "nixpkgs": "nixpkgs_5"
      },
      "locked": {
        "lastModified": 1623927034,
        "narHash": "sha256-sGxlmfp5eXL5sAMNqHSb04Zq6gPl+JeltIZ226OYN0w=",
        "owner": "nmattia",
        "repo": "naersk",
        "rev": "e09c320446c5c2516d430803f7b19f5833781337",
        "type": "github"
      },
      "original": {
        "owner": "nmattia",
        "repo": "naersk",
        "type": "github"
      }
    },
    "naersk_4": {
      "inputs": {
        "nixpkgs": [
          "nixpkgs"
        ]
      },
      "locked": {
        "lastModified": 1639947939,
        "narHash": "sha256-pGsM8haJadVP80GFq4xhnSpNitYNQpaXk4cnA796Cso=",
        "owner": "nmattia",
        "repo": "naersk",
        "rev": "2fc8ce9d3c025d59fee349c1f80be9785049d653",
        "type": "github"
      },
      "original": {
        "owner": "nmattia",
        "repo": "naersk",
        "type": "github"
      }
    },
    "nixpkgs": {
      "locked": {
        "lastModified": 1640350772,
        "narHash": "sha256-8Ug1fj5CLjyECT1Jw1VjeJ7+dmgO5grsXoXre3PywO4=",
        "owner": "NixOS",
        "repo": "nixpkgs",
        "rev": "00f84d37a2507dee0219cf894f11a7cbf0c49ccb",
        "type": "github"
      },
      "original": {
        "id": "nixpkgs",
        "type": "indirect"
      }
    },
    "nixpkgs-mozilla": {
      "flake": false,
      "locked": {
        "lastModified": 1643634764,
        "narHash": "sha256-EcFlgzZnZSHwZixELYV1pa267t+u5mCeLhSNBeAA/+c=",
        "owner": "mozilla",
        "repo": "nixpkgs-mozilla",
        "rev": "f233fdc4ff6ba2ffeb1e3e3cd6d63bb1297d6996",
        "type": "github"
      },
      "original": {
        "owner": "mozilla",
        "repo": "nixpkgs-mozilla",
        "type": "github"
      }
    },
    "nixpkgs_2": {
      "locked": {
        "lastModified": 1643982723,
        "narHash": "sha256-vOPwuGDQV3VQbeS+EYjHAiu1c9WIiJbnja5BP3y8hA4=",
        "owner": "NixOS",
        "repo": "nixpkgs",
        "rev": "ab936fb123ceb98048ccc3ba750d27468b89edd5",
        "type": "github"
      },
      "original": {
        "owner": "NixOS",
        "repo": "nixpkgs",
        "type": "github"
      }
    },
    "nixpkgs_3": {
      "locked": {
        "lastModified": 1640350772,
        "narHash": "sha256-8Ug1fj5CLjyECT1Jw1VjeJ7+dmgO5grsXoXre3PywO4=",
        "owner": "NixOS",
        "repo": "nixpkgs",
        "rev": "00f84d37a2507dee0219cf894f11a7cbf0c49ccb",
        "type": "github"
      },
      "original": {
        "id": "nixpkgs",
        "type": "indirect"
      }
    },
    "nixpkgs_4": {
      "locked": {
        "lastModified": 1643982723,
        "narHash": "sha256-vOPwuGDQV3VQbeS+EYjHAiu1c9WIiJbnja5BP3y8hA4=",
        "owner": "NixOS",
        "repo": "nixpkgs",
        "rev": "ab936fb123ceb98048ccc3ba750d27468b89edd5",
        "type": "github"
      },
      "original": {
        "owner": "NixOS",
        "repo": "nixpkgs",
        "type": "github"
      }
    },
    "nixpkgs_5": {
      "locked": {
        "lastModified": 1640350772,
        "narHash": "sha256-8Ug1fj5CLjyECT1Jw1VjeJ7+dmgO5grsXoXre3PywO4=",
        "owner": "NixOS",
        "repo": "nixpkgs",
        "rev": "00f84d37a2507dee0219cf894f11a7cbf0c49ccb",
        "type": "github"
      },
      "original": {
        "id": "nixpkgs",
        "type": "indirect"
      }
    },
    "nixpkgs_6": {
      "locked": {
        "lastModified": 1643982723,
        "narHash": "sha256-vOPwuGDQV3VQbeS+EYjHAiu1c9WIiJbnja5BP3y8hA4=",
        "owner": "NixOS",
        "repo": "nixpkgs",
        "rev": "ab936fb123ceb98048ccc3ba750d27468b89edd5",
        "type": "github"
      },
      "original": {
        "owner": "NixOS",
        "repo": "nixpkgs",
        "type": "github"
      }
    },
    "nixpkgs_7": {
      "locked": {
        "lastModified": 1643788601,
        "narHash": "sha256-6l5Ax44pC/Oo/Muj5Y/NA27Pd38Wty/7GtGSSmYNug4=",
        "owner": "NixOS",
        "repo": "nixpkgs",
        "rev": "f6ddd55d5f9d5eca08df138c248008c1ba73ecec",
        "type": "github"
      },
      "original": {
        "owner": "NixOS",
        "ref": "nixos-21.11",
        "repo": "nixpkgs",
        "type": "github"
      }
    },
    "nixpkgs_8": {
      "locked": {
        "lastModified": 1610729867,
        "narHash": "sha256-bk/SBaBLqZX/PEqal27DMQwAHHl0dcZMp8NNksQr80s=",
        "owner": "NixOS",
        "repo": "nixpkgs",
        "rev": "04af07c659c6723a2259bb6bc00a47ec53330f20",
        "type": "github"
      },
      "original": {
        "owner": "NixOS",
        "repo": "nixpkgs",
        "type": "github"
      }
    },
    "nur": {
      "locked": {
        "lastModified": 1643980081,
        "narHash": "sha256-in5mlBeeD33G+YNhRyEMTMeWDmMpDSuMhzEa9FTktPA=",
        "owner": "nix-community",
        "repo": "NUR",
        "rev": "ab80961d0f6c9794fd38230762a2d7a5ef788362",
        "type": "github"
      },
      "original": {
        "owner": "nix-community",
        "repo": "NUR",
        "type": "github"
      }
    },
    "poetry2nix-src": {
      "inputs": {
        "flake-utils": "flake-utils_8",
        "nixpkgs": "nixpkgs_8"
      },
      "locked": {
        "lastModified": 1643757111,
        "narHash": "sha256-LerUUhM/srtbYgc8x0+sIiTUv3FfjeNLxjZqZ/DQzlo=",
        "owner": "nix-community",
        "repo": "poetry2nix",
        "rev": "5aa37b8a5652a4c2a2372e82815ebd15db07f087",
        "type": "github"
      },
      "original": {
        "owner": "nix-community",
        "repo": "poetry2nix",
        "type": "github"
      }
    },
    "root": {
      "inputs": {
        "data_expunged": "data_expunged",
        "flake-utils": "flake-utils_3",
        "hauntbot": "hauntbot",
        "home-manager": "home-manager",
        "mpdiscord": "mpdiscord",
        "naersk": "naersk_4",
        "nixpkgs": "nixpkgs_7",
        "nixpkgs-mozilla": "nixpkgs-mozilla",
        "nur": "nur",
        "poetry2nix-src": "poetry2nix-src",
        "vfio-isolate": "vfio-isolate"
      }
    },
    "rust-overlay": {
      "inputs": {
        "flake-utils": "flake-utils_2",
        "nixpkgs": "nixpkgs_2"
      },
      "locked": {
        "lastModified": 1622343612,
        "narHash": "sha256-VoHaAI1lfM3WoEOeCU5KNjsMZhfsmBnU+2QEEIAztaQ=",
        "owner": "oxalica",
        "repo": "rust-overlay",
        "rev": "b7eb21a494aab17dca98e121333921f55a6361fd",
        "type": "github"
      },
      "original": {
        "owner": "oxalica",
        "repo": "rust-overlay",
        "type": "github"
      }
    },
    "rust-overlay_2": {
      "inputs": {
        "flake-utils": "flake-utils_5",
        "nixpkgs": "nixpkgs_4"
      },
      "locked": {
        "lastModified": 1617848844,
        "narHash": "sha256-nhPuATSHRrzfZNjtl8zmMhZklYFCHiQd7+uf+jQbd+o=",
        "owner": "oxalica",
        "repo": "rust-overlay",
        "rev": "70330a767d25daa6063e89e38d68b94b2d971831",
        "type": "github"
      },
      "original": {
        "owner": "oxalica",
        "repo": "rust-overlay",
        "type": "github"
      }
    },
    "rust-overlay_3": {
      "inputs": {
        "flake-utils": "flake-utils_7",
        "nixpkgs": "nixpkgs_6"
      },
      "locked": {
        "lastModified": 1628388749,
        "narHash": "sha256-fRapgFP9qoaTh9GMnX6iMHTUnXE+03p1einqamnoWG0=",
        "owner": "oxalica",
        "repo": "rust-overlay",
        "rev": "f6f5fba835cff119d04f18debfacf1a223ef1583",
        "type": "github"
      },
      "original": {
        "owner": "oxalica",
        "repo": "rust-overlay",
        "type": "github"
      }
    },
    "vfio-isolate": {
      "flake": false,
      "locked": {
        "lastModified": 1629412469,
        "narHash": "sha256-c+SK+lMHBNAcDlOOpXMWd6RXIfnDZp6CPCmmI1VdBVk=",
        "owner": "spheenik",
        "repo": "vfio-isolate",
        "rev": "6d6a1f0d5e5d84a5ad9911c635a81b86710d12d5",
        "type": "github"
      },
      "original": {
        "owner": "spheenik",
        "repo": "vfio-isolate",
        "type": "github"
      }
    }
  },
  "root": "root",
  "version": 7
}
